
Microsoft Visual Studio Solution File, Format Version 12.00
# Visual Studio Version 17
VisualStudioVersion = 17.7.34018.315
MinimumVisualStudioVersion = 10.0.40219.1
Project("{9A19103F-16F7-4668-BE54-9A1E7A4F7556}") = "CH.DVDCentral.BL.Models", "CH.DVDCentral.BL.Models\CH.DVDCentral.BL.Models.csproj", "{EE02D58D-054E-4FD2-AE9D-48F82325F27F}"
EndProject
Project("{00D1A9C2-B5F0-4AF3-8072-F6C62B433612}") = "CH.DVDCentral.DB", "CH.DVDCentral.DB\CH.DVDCentral.DB.sqlproj", "{3287D42F-4FF9-447E-B08C-3CC4D53D754F}"
EndProject
Project("{9A19103F-16F7-4668-BE54-9A1E7A4F7556}") = "CH.DVDCentral.PL", "CH.DVDCentral.PL\CH.DVDCentral.PL.csproj", "{97F25474-F010-4D13-9FF3-C4A848E31E2A}"
EndProject
Project("{9A19103F-16F7-4668-BE54-9A1E7A4F7556}") = "CH.DVDCentral.BL", "CH.DVDCentral.BL\CH.DVDCentral.BL.csproj", "{F4E403E7-4856-4AB3-8DEB-6970692C29D1}"
EndProject
Project("{9A19103F-16F7-4668-BE54-9A1E7A4F7556}") = "CH.DVDCentral.PL.Test", "CH.DVDCentral.PL.Test\CH.DVDCentral.PL.Test.csproj", "{6A3FCBC4-5B04-466E-929D-A94284C98799}"
EndProject
Project("{9A19103F-16F7-4668-BE54-9A1E7A4F7556}") = "CH.DVDCentral.BL.Test", "CH.DVDCentral.BL.Test\CH.DVDCentral.BL.Test.csproj", "{F4F2AB38-7CD4-48EC-BF07-51AE4BEDF158}"
EndProject
Project("{9A19103F-16F7-4668-BE54-9A1E7A4F7556}") = "CH.DVDCentral.UI", "CH.DVDCentral.UI\CH.DVDCentral.UI.csproj", "{E8A34B7C-FFEE-4AA0-A078-839A4CB904DD}"
EndProject
Global
	GlobalSection(SolutionConfigurationPlatforms) = preSolution
		Debug|Any CPU = Debug|Any CPU
		Release|Any CPU = Release|Any CPU
	EndGlobalSection
	GlobalSection(ProjectConfigurationPlatforms) = postSolution
		{EE02D58D-054E-4FD2-AE9D-48F82325F27F}.Debug|Any CPU.ActiveCfg = Debug|Any CPU
		{EE02D58D-054E-4FD2-AE9D-48F82325F27F}.Debug|Any CPU.Build.0 = Debug|Any CPU
		{EE02D58D-054E-4FD2-AE9D-48F82325F27F}.Release|Any CPU.ActiveCfg = Release|Any CPU
		{EE02D58D-054E-4FD2-AE9D-48F82325F27F}.Release|Any CPU.Build.0 = Release|Any CPU
		{3287D42F-4FF9-447E-B08C-3CC4D53D754F}.Debug|Any CPU.ActiveCfg = Debug|Any CPU
		{3287D42F-4FF9-447E-B08C-3CC4D53D754F}.Debug|Any CPU.Build.0 = Debug|Any CPU
		{3287D42F-4FF9-447E-B08C-3CC4D53D754F}.Debug|Any CPU.Deploy.0 = Debug|Any CPU
		{3287D42F-4FF9-447E-B08C-3CC4D53D754F}.Release|Any CPU.ActiveCfg = Release|Any CPU
		{3287D42F-4FF9-447E-B08C-3CC4D53D754F}.Release|Any CPU.Build.0 = Release|Any CPU
		{3287D42F-4FF9-447E-B08C-3CC4D53D754F}.Release|Any CPU.Deploy.0 = Release|Any CPU
		{97F25474-F010-4D13-9FF3-C4A848E31E2A}.Debug|Any CPU.ActiveCfg = Debug|Any CPU
		{97F25474-F010-4D13-9FF3-C4A848E31E2A}.Debug|Any CPU.Build.0 = Debug|Any CPU
		{97F25474-F010-4D13-9FF3-C4A848E31E2A}.Release|Any CPU.ActiveCfg = Release|Any CPU
		{97F25474-F010-4D13-9FF3-C4A848E31E2A}.Release|Any CPU.Build.0 = Release|Any CPU
		{F4E403E7-4856-4AB3-8DEB-6970692C29D1}.Debug|Any CPU.ActiveCfg = Debug|Any CPU
		{F4E403E7-4856-4AB3-8DEB-6970692C29D1}.Debug|Any CPU.Build.0 = Debug|Any CPU
		{F4E403E7-4856-4AB3-8DEB-6970692C29D1}.Release|Any CPU.ActiveCfg = Release|Any CPU
		{F4E403E7-4856-4AB3-8DEB-6970692C29D1}.Release|Any CPU.Build.0 = Release|Any CPU
		{6A3FCBC4-5B04-466E-929D-A94284C98799}.Debug|Any CPU.ActiveCfg = Debug|Any CPU
		{6A3FCBC4-5B04-466E-929D-A94284C98799}.Debug|Any CPU.Build.0 = Debug|Any CPU
		{6A3FCBC4-5B04-466E-929D-A94284C98799}.Release|Any CPU.ActiveCfg = Release|Any CPU
		{6A3FCBC4-5B04-466E-929D-A94284C98799}.Release|Any CPU.Build.0 = Release|Any CPU
		{F4F2AB38-7CD4-48EC-BF07-51AE4BEDF158}.Debug|Any CPU.ActiveCfg = Debug|Any CPU
		{F4F2AB38-7CD4-48EC-BF07-51AE4BEDF158}.Debug|Any CPU.Build.0 = Debug|Any CPU
		{F4F2AB38-7CD4-48EC-BF07-51AE4BEDF158}.Release|Any CPU.ActiveCfg = Release|Any CPU
		{F4F2AB38-7CD4-48EC-BF07-51AE4BEDF158}.Release|Any CPU.Build.0 = Release|Any CPU
		{E8A34B7C-FFEE-4AA0-A078-839A4CB904DD}.Debug|Any CPU.ActiveCfg = Debug|Any CPU
		{E8A34B7C-FFEE-4AA0-A078-839A4CB904DD}.Debug|Any CPU.Build.0 = Debug|Any CPU
		{E8A34B7C-FFEE-4AA0-A078-839A4CB904DD}.Release|Any CPU.ActiveCfg = Release|Any CPU
		{E8A34B7C-FFEE-4AA0-A078-839A4CB904DD}.Release|Any CPU.Build.0 = Release|Any CPU
	EndGlobalSection
	GlobalSection(SolutionProperties) = preSolution
		HideSolutionNode = FALSE
	EndGlobalSection
	GlobalSection(ExtensibilityGlobals) = postSolution
		SolutionGuid = {E2544723-16CB-4569-8C45-E2DE9ED67A61}
	EndGlobalSection
EndGlobal
